
Microsoft Visual Studio Solution File, Format Version 12.00
# Visual Studio 2017
Project("{FAE04EC0-301F-11D3-BF4B-00C04F79EFBC}") = "GGJ2018", "GGJ2018.csproj", "{34F37DCD-085B-68A8-DE6C-7DF8C7636D4C}"
EndProject
Global
	GlobalSection(SolutionConfigurationPlatforms) = preSolution
		Debug|Any CPU = Debug|Any CPU
		Release|Any CPU = Release|Any CPU
	EndGlobalSection
	GlobalSection(ProjectConfigurationPlatforms) = postSolution
		{34F37DCD-085B-68A8-DE6C-7DF8C7636D4C}.Debug|Any CPU.ActiveCfg = Debug|Any CPU
		{34F37DCD-085B-68A8-DE6C-7DF8C7636D4C}.Debug|Any CPU.Build.0 = Debug|Any CPU
		{34F37DCD-085B-68A8-DE6C-7DF8C7636D4C}.Release|Any CPU.ActiveCfg = Release|Any CPU
		{34F37DCD-085B-68A8-DE6C-7DF8C7636D4C}.Release|Any CPU.Build.0 = Release|Any CPU
	EndGlobalSection
	GlobalSection(SolutionProperties) = preSolution
		HideSolutionNode = FALSE
	EndGlobalSection
EndGlobal
